// !$*UTF8*$!
{
	archiveVersion = 1;
	classes = {
	};
	objectVersion = 48;
	objects = {

/* Begin PBXBuildFile section */
		50361AE2203368850089A8D6 /* AppDelegate.swift in Sources */ = {isa = PBXBuildFile; fileRef = 50361AE1203368850089A8D6 /* AppDelegate.swift */; };
		50361AE4203368850089A8D6 /* ViewController.swift in Sources */ = {isa = PBXBuildFile; fileRef = 50361AE3203368850089A8D6 /* ViewController.swift */; };
		50361AE7203368850089A8D6 /* Main.storyboard in Resources */ = {isa = PBXBuildFile; fileRef = 50361AE5203368850089A8D6 /* Main.storyboard */; };
		50361AEA203368850089A8D6 /* Lotus.xcdatamodeld in Sources */ = {isa = PBXBuildFile; fileRef = 50361AE8203368850089A8D6 /* Lotus.xcdatamodeld */; };
		50361AEC203368850089A8D6 /* Assets.xcassets in Resources */ = {isa = PBXBuildFile; fileRef = 50361AEB203368850089A8D6 /* Assets.xcassets */; };
		BF0800FE7C3CB35EB7A9107E /* Pods_Lotus.framework in Frameworks */ = {isa = PBXBuildFile; fileRef = 20CB88253CCE17FE9D797394 /* Pods_Lotus.framework */; };
/* End PBXBuildFile section */

/* Begin PBXFileReference section */
		1104045180CD68EBC0363765 /* Pods-Lotus.release.xcconfig */ = {isa = PBXFileReference; includeInIndex = 1; lastKnownFileType = text.xcconfig; name = "Pods-Lotus.release.xcconfig"; path = "Pods/Target Support Files/Pods-Lotus/Pods-Lotus.release.xcconfig"; sourceTree = "<group>"; };
		20CB88253CCE17FE9D797394 /* Pods_Lotus.framework */ = {isa = PBXFileReference; explicitFileType = wrapper.framework; includeInIndex = 0; path = Pods_Lotus.framework; sourceTree = BUILT_PRODUCTS_DIR; };
		50361ADE203368850089A8D6 /* Lotus.app */ = {isa = PBXFileReference; explicitFileType = wrapper.application; includeInIndex = 0; path = Lotus.app; sourceTree = BUILT_PRODUCTS_DIR; };
		50361AE1203368850089A8D6 /* AppDelegate.swift */ = {isa = PBXFileReference; lastKnownFileType = sourcecode.swift; path = AppDelegate.swift; sourceTree = "<group>"; };
		50361AE3203368850089A8D6 /* ViewController.swift */ = {isa = PBXFileReference; lastKnownFileType = sourcecode.swift; path = ViewController.swift; sourceTree = "<group>"; };
		50361AE6203368850089A8D6 /* Base */ = {isa = PBXFileReference; lastKnownFileType = file.storyboard; name = Base; path = Base.lproj/Main.storyboard; sourceTree = "<group>"; };
		50361AE9203368850089A8D6 /* Lotus.xcdatamodel */ = {isa = PBXFileReference; lastKnownFileType = wrapper.xcdatamodel; path = Lotus.xcdatamodel; sourceTree = "<group>"; };
		50361AEB203368850089A8D6 /* Assets.xcassets */ = {isa = PBXFileReference; lastKnownFileType = folder.assetcatalog; path = Assets.xcassets; sourceTree = "<group>"; };
		50361AF0203368850089A8D6 /* Info.plist */ = {isa = PBXFileReference; lastKnownFileType = text.plist.xml; path = Info.plist; sourceTree = "<group>"; };
		C6BF768BE29EED91555A062E /* Pods-Lotus.debug.xcconfig */ = {isa = PBXFileReference; includeInIndex = 1; lastKnownFileType = text.xcconfig; name = "Pods-Lotus.debug.xcconfig"; path = "Pods/Target Support Files/Pods-Lotus/Pods-Lotus.debug.xcconfig"; sourceTree = "<group>"; };
/* End PBXFileReference section */

/* Begin PBXFrameworksBuildPhase section */
		50361ADB203368850089A8D6 /* Frameworks */ = {
			isa = PBXFrameworksBuildPhase;
			buildActionMask = 2147483647;
			files = (
				BF0800FE7C3CB35EB7A9107E /* Pods_Lotus.framework in Frameworks */,
			);
			runOnlyForDeploymentPostprocessing = 0;
		};
/* End PBXFrameworksBuildPhase section */

/* Begin PBXGroup section */
		50361AD5203368850089A8D6 = {
			isa = PBXGroup;
			children = (
				50361AE0203368850089A8D6 /* Lotus */,
				50361ADF203368850089A8D6 /* Products */,
				6B69F6A7BB5A5E29F420ADEB /* Pods */,
				B8F7390E863C90B77C47D7F9 /* Frameworks */,
			);
			sourceTree = "<group>";
		};
		50361ADF203368850089A8D6 /* Products */ = {
			isa = PBXGroup;
			children = (
				50361ADE203368850089A8D6 /* Lotus.app */,
			);
			name = Products;
			sourceTree = "<group>";
		};
		50361AE0203368850089A8D6 /* Lotus */ = {
			isa = PBXGroup;
			children = (
				50361AE1203368850089A8D6 /* AppDelegate.swift */,
				50361AE3203368850089A8D6 /* ViewController.swift */,
				50361AE5203368850089A8D6 /* Main.storyboard */,
				50361AEB203368850089A8D6 /* Assets.xcassets */,
				50361AF0203368850089A8D6 /* Info.plist */,
				50361AE8203368850089A8D6 /* Lotus.xcdatamodeld */,
			);
			path = Lotus;
			sourceTree = "<group>";
		};
		6B69F6A7BB5A5E29F420ADEB /* Pods */ = {
			isa = PBXGroup;
			children = (
				C6BF768BE29EED91555A062E /* Pods-Lotus.debug.xcconfig */,
				1104045180CD68EBC0363765 /* Pods-Lotus.release.xcconfig */,
			);
			name = Pods;
			sourceTree = "<group>";
		};
		B8F7390E863C90B77C47D7F9 /* Frameworks */ = {
			isa = PBXGroup;
			children = (
				20CB88253CCE17FE9D797394 /* Pods_Lotus.framework */,
			);
			name = Frameworks;
			sourceTree = "<group>";
		};
/* End PBXGroup section */

/* Begin PBXNativeTarget section */
		50361ADD203368850089A8D6 /* Lotus */ = {
			isa = PBXNativeTarget;
			buildConfigurationList = 50361AF3203368850089A8D6 /* Build configuration list for PBXNativeTarget "Lotus" */;
			buildPhases = (
				D30748C1B92B00A142849B22 /* [CP] Check Pods Manifest.lock */,
				50361ADA203368850089A8D6 /* Sources */,
				50361ADB203368850089A8D6 /* Frameworks */,
				50361ADC203368850089A8D6 /* Resources */,
				001B231E694D5EB0C08379B9 /* [CP] Embed Pods Frameworks */,
				AE38A8FC3C7F6885883EB645 /* [CP] Copy Pods Resources */,
			);
			buildRules = (
			);
			dependencies = (
			);
			name = Lotus;
			productName = Lotus;
			productReference = 50361ADE203368850089A8D6 /* Lotus.app */;
			productType = "com.apple.product-type.application";
		};
/* End PBXNativeTarget section */

/* Begin PBXProject section */
		50361AD6203368850089A8D6 /* Project object */ = {
			isa = PBXProject;
			attributes = {
				LastSwiftUpdateCheck = 0920;
				LastUpgradeCheck = 0920;
				ORGANIZATIONNAME = Dreamers;
				TargetAttributes = {
					50361ADD203368850089A8D6 = {
						CreatedOnToolsVersion = 9.2;
						ProvisioningStyle = Automatic;
						SystemCapabilities = {
							com.apple.BackgroundModes = {
								enabled = 1;
							};
						};
					};
				};
			};
			buildConfigurationList = 50361AD9203368850089A8D6 /* Build configuration list for PBXProject "Lotus" */;
			compatibilityVersion = "Xcode 8.0";
			developmentRegion = en;
			hasScannedForEncodings = 0;
			knownRegions = (
				en,
				Base,
			);
			mainGroup = 50361AD5203368850089A8D6;
			productRefGroup = 50361ADF203368850089A8D6 /* Products */;
			projectDirPath = "";
			projectRoot = "";
			targets = (
				50361ADD203368850089A8D6 /* Lotus */,
			);
		};
/* End PBXProject section */

/* Begin PBXResourcesBuildPhase section */
		50361ADC203368850089A8D6 /* Resources */ = {
			isa = PBXResourcesBuildPhase;
			buildActionMask = 2147483647;
			files = (
				50361AEC203368850089A8D6 /* Assets.xcassets in Resources */,
				50361AE7203368850089A8D6 /* Main.storyboard in Resources */,
			);
			runOnlyForDeploymentPostprocessing = 0;
		};
/* End PBXResourcesBuildPhase section */

/* Begin PBXShellScriptBuildPhase section */
		001B231E694D5EB0C08379B9 /* [CP] Embed Pods Frameworks */ = {
			isa = PBXShellScriptBuildPhase;
			buildActionMask = 2147483647;
			files = (
			);
			inputPaths = (
				"${SRCROOT}/Pods/Target Support Files/Pods-Lotus/Pods-Lotus-frameworks.sh",
				"${PODS_ROOT}/AudioKit/iOS/AudioKit.framework",
				"${PODS_ROOT}/AudioKit/iOS/AudioKitUI.framework",
			);
			name = "[CP] Embed Pods Frameworks";
			outputPaths = (
				"${TARGET_BUILD_DIR}/${FRAMEWORKS_FOLDER_PATH}/AudioKit.framework",
				"${TARGET_BUILD_DIR}/${FRAMEWORKS_FOLDER_PATH}/AudioKitUI.framework",
			);
			runOnlyForDeploymentPostprocessing = 0;
			shellPath = /bin/sh;
			shellScript = "\"${SRCROOT}/Pods/Target Support Files/Pods-Lotus/Pods-Lotus-frameworks.sh\"\n";
			showEnvVarsInLog = 0;
		};
		AE38A8FC3C7F6885883EB645 /* [CP] Copy Pods Resources */ = {
			isa = PBXShellScriptBuildPhase;
			buildActionMask = 2147483647;
			files = (
			);
			inputPaths = (
			);
			name = "[CP] Copy Pods Resources";
			outputPaths = (
			);
			runOnlyForDeploymentPostprocessing = 0;
			shellPath = /bin/sh;
			shellScript = "\"${SRCROOT}/Pods/Target Support Files/Pods-Lotus/Pods-Lotus-resources.sh\"\n";
			showEnvVarsInLog = 0;
		};
		D30748C1B92B00A142849B22 /* [CP] Check Pods Manifest.lock */ = {
			isa = PBXShellScriptBuildPhase;
			buildActionMask = 2147483647;
			files = (
			);
			inputPaths = (
				"${PODS_PODFILE_DIR_PATH}/Podfile.lock",
				"${PODS_ROOT}/Manifest.lock",
			);
			name = "[CP] Check Pods Manifest.lock";
			outputPaths = (
				"$(DERIVED_FILE_DIR)/Pods-Lotus-checkManifestLockResult.txt",
			);
			runOnlyForDeploymentPostprocessing = 0;
			shellPath = /bin/sh;
			shellScript = "diff \"${PODS_PODFILE_DIR_PATH}/Podfile.lock\" \"${PODS_ROOT}/Manifest.lock\" > /dev/null\nif [ $? != 0 ] ; then\n    # print error to STDERR\n    echo \"error: The sandbox is not in sync with the Podfile.lock. Run 'pod install' or update your CocoaPods installation.\" >&2\n    exit 1\nfi\n# This output is used by Xcode 'outputs' to avoid re-running this script phase.\necho \"SUCCESS\" > \"${SCRIPT_OUTPUT_FILE_0}\"\n";
			showEnvVarsInLog = 0;
		};
/* End PBXShellScriptBuildPhase section */

/* Begin PBXSourcesBuildPhase section */
		50361ADA203368850089A8D6 /* Sources */ = {
			isa = PBXSourcesBuildPhase;
			buildActionMask = 2147483647;
			files = (
				50361AE4203368850089A8D6 /* ViewController.swift in Sources */,
				50361AE2203368850089A8D6 /* AppDelegate.swift in Sources */,
				50361AEA203368850089A8D6 /* Lotus.xcdatamodeld in Sources */,
			);
			runOnlyForDeploymentPostprocessing = 0;
		};
/* End PBXSourcesBuildPhase section */

/* Begin PBXVariantGroup section */
		50361AE5203368850089A8D6 /* Main.storyboard */ = {
			isa = PBXVariantGroup;
			children = (
				50361AE6203368850089A8D6 /* Base */,
			);
			name = Main.storyboard;
			sourceTree = "<group>";
		};
/* End PBXVariantGroup section */

/* Begin XCBuildConfiguration section */
		50361AF1203368850089A8D6 /* Debug */ = {
			isa = XCBuildConfiguration;
			buildSettings = {
				ALWAYS_SEARCH_USER_PATHS = NO;
				CLANG_ANALYZER_NONNULL = YES;
				CLANG_ANALYZER_NUMBER_OBJECT_CONVERSION = YES_AGGRESSIVE;
				CLANG_CXX_LANGUAGE_STANDARD = "gnu++14";
				CLANG_CXX_LIBRARY = "libc++";
				CLANG_ENABLE_MODULES = YES;
				CLANG_ENABLE_OBJC_ARC = YES;
				CLANG_WARN_BLOCK_CAPTURE_AUTORELEASING = YES;
				CLANG_WARN_BOOL_CONVERSION = YES;
				CLANG_WARN_COMMA = YES;
				CLANG_WARN_CONSTANT_CONVERSION = YES;
				CLANG_WARN_DIRECT_OBJC_ISA_USAGE = YES_ERROR;
				CLANG_WARN_DOCUMENTATION_COMMENTS = YES;
				CLANG_WARN_EMPTY_BODY = YES;
				CLANG_WARN_ENUM_CONVERSION = YES;
				CLANG_WARN_INFINITE_RECURSION = YES;
				CLANG_WARN_INT_CONVERSION = YES;
				CLANG_WARN_NON_LITERAL_NULL_CONVERSION = YES;
				CLANG_WARN_OBJC_LITERAL_CONVERSION = YES;
				CLANG_WARN_OBJC_ROOT_CLASS = YES_ERROR;
				CLANG_WARN_RANGE_LOOP_ANALYSIS = YES;
				CLANG_WARN_STRICT_PROTOTYPES = YES;
				CLANG_WARN_SUSPICIOUS_MOVE = YES;
				CLANG_WARN_UNGUARDED_AVAILABILITY = YES_AGGRESSIVE;
				CLANG_WARN_UNREACHABLE_CODE = YES;
				CLANG_WARN__DUPLICATE_METHOD_MATCH = YES;
				CODE_SIGN_IDENTITY = "iPhone Developer";
				COPY_PHASE_STRIP = NO;
				DEBUG_INFORMATION_FORMAT = dwarf;
				ENABLE_STRICT_OBJC_MSGSEND = YES;
				ENABLE_TESTABILITY = YES;
				GCC_C_LANGUAGE_STANDARD = gnu11;
				GCC_DYNAMIC_NO_PIC = NO;
				GCC_NO_COMMON_BLOCKS = YES;
				GCC_OPTIMIZATION_LEVEL = 0;
				GCC_PREPROCESSOR_DEFINITIONS = (
					"DEBUG=1",
					"$(inherited)",
				);
				GCC_WARN_64_TO_32_BIT_CONVERSION = YES;
				GCC_WARN_ABOUT_RETURN_TYPE = YES_ERROR;
				GCC_WARN_UNDECLARED_SELECTOR = YES;
				GCC_WARN_UNINITIALIZED_AUTOS = YES_AGGRESSIVE;
				GCC_WARN_UNUSED_FUNCTION = YES;
				GCC_WARN_UNUSED_VARIABLE = YES;
				IPHONEOS_DEPLOYMENT_TARGET = 11.2;
				MTL_ENABLE_DEBUG_INFO = YES;
				ONLY_ACTIVE_ARCH = YES;
				SDKROOT = iphoneos;
				SWIFT_ACTIVE_COMPILATION_CONDITIONS = DEBUG;
				SWIFT_OPTIMIZATION_LEVEL = "-Onone";
			};
			name = Debug;
		};
		50361AF2203368850089A8D6 /* Release */ = {
			isa = XCBuildConfiguration;
			buildSettings = {
				ALWAYS_SEARCH_USER_PATHS = NO;
				CLANG_ANALYZER_NONNULL = YES;
				CLANG_ANALYZER_NUMBER_OBJECT_CONVERSION = YES_AGGRESSIVE;
				CLANG_CXX_LANGUAGE_STANDARD = "gnu++14";
				CLANG_CXX_LIBRARY = "libc++";
				CLANG_ENABLE_MODULES = YES;
				CLANG_ENABLE_OBJC_ARC = YES;
				CLANG_WARN_BLOCK_CAPTURE_AUTORELEASING = YES;
				CLANG_WARN_BOOL_CONVERSION = YES;
				CLANG_WARN_COMMA = YES;
				CLANG_WARN_CONSTANT_CONVERSION = YES;
				CLANG_WARN_DIRECT_OBJC_ISA_USAGE = YES_ERROR;
				CLANG_WARN_DOCUMENTATION_COMMENTS = YES;
				CLANG_WARN_EMPTY_BODY = YES;
				CLANG_WARN_ENUM_CONVERSION = YES;
				CLANG_WARN_INFINITE_RECURSION = YES;
				CLANG_WARN_INT_CONVERSION = YES;
				CLANG_WARN_NON_LITERAL_NULL_CONVERSION = YES;
				CLANG_WARN_OBJC_LITERAL_CONVERSION = YES;
				CLANG_WARN_OBJC_ROOT_CLASS = YES_ERROR;
				CLANG_WARN_RANGE_LOOP_ANALYSIS = YES;
				CLANG_WARN_STRICT_PROTOTYPES = YES;
				CLANG_WARN_SUSPICIOUS_MOVE = YES;
				CLANG_WARN_UNGUARDED_AVAILABILITY = YES_AGGRESSIVE;
				CLANG_WARN_UNREACHABLE_CODE = YES;
				CLANG_WARN__DUPLICATE_METHOD_MATCH = YES;
				CODE_SIGN_IDENTITY = "iPhone Developer";
				COPY_PHASE_STRIP = NO;
				DEBUG_INFORMATION_FORMAT = "dwarf-with-dsym";
				ENABLE_NS_ASSERTIONS = NO;
				ENABLE_STRICT_OBJC_MSGSEND = YES;
				GCC_C_LANGUAGE_STANDARD = gnu11;
				GCC_NO_COMMON_BLOCKS = YES;
				GCC_WARN_64_TO_32_BIT_CONVERSION = YES;
				GCC_WARN_ABOUT_RETURN_TYPE = YES_ERROR;
				GCC_WARN_UNDECLARED_SELECTOR = YES;
				GCC_WARN_UNINITIALIZED_AUTOS = YES_AGGRESSIVE;
				GCC_WARN_UNUSED_FUNCTION = YES;
				GCC_WARN_UNUSED_VARIABLE = YES;
				IPHONEOS_DEPLOYMENT_TARGET = 11.2;
				MTL_ENABLE_DEBUG_INFO = NO;
				SDKROOT = iphoneos;
				SWIFT_OPTIMIZATION_LEVEL = "-Owholemodule";
				VALIDATE_PRODUCT = YES;
			};
			name = Release;
		};
		50361AF4203368850089A8D6 /* Debug */ = {
			isa = XCBuildConfiguration;
			baseConfigurationReference = C6BF768BE29EED91555A062E /* Pods-Lotus.debug.xcconfig */;
			buildSettings = {
				ASSETCATALOG_COMPILER_APPICON_NAME = AppIcon;
				CODE_SIGN_STYLE = Automatic;
				DEVELOPMENT_TEAM = 43T63796YP;
				INFOPLIST_FILE = Lotus/Info.plist;
				LD_RUNPATH_SEARCH_PATHS = "$(inherited) @executable_path/Frameworks";
				PRODUCT_BUNDLE_IDENTIFIER = geekniki.Lotus;
				PRODUCT_NAME = "$(TARGET_NAME)";
				SWIFT_VERSION = 4.0;
				TARGETED_DEVICE_FAMILY = "1,2";
			};
			name = Debug;
		};
		50361AF5203368850089A8D6 /* Release */ = {
			isa = XCBuildConfiguration;
			baseConfigurationReference = 1104045180CD68EBC0363765 /* Pods-Lotus.release.xcconfig */;
			buildSettings = {
				ASSETCATALOG_COMPILER_APPICON_NAME = AppIcon;
				CODE_SIGN_STYLE = Automatic;
				DEVELOPMENT_TEAM = 43T63796YP;
				INFOPLIST_FILE = Lotus/Info.plist;
				LD_RUNPATH_SEARCH_PATHS = "$(inherited) @executable_path/Frameworks";
				PRODUCT_BUNDLE_IDENTIFIER = geekniki.Lotus;
				PRODUCT_NAME = "$(TARGET_NAME)";
				SWIFT_VERSION = 4.0;
				TARGETED_DEVICE_FAMILY = "1,2";
			};
			name = Release;
		};
/* End XCBuildConfiguration section */

/* Begin XCConfigurationList section */
		50361AD9203368850089A8D6 /* Build configuration list for PBXProject "Lotus" */ = {
			isa = XCConfigurationList;
			buildConfigurations = (
				50361AF1203368850089A8D6 /* Debug */,
				50361AF2203368850089A8D6 /* Release */,
			);
			defaultConfigurationIsVisible = 0;
			defaultConfigurationName = Release;
		};
		50361AF3203368850089A8D6 /* Build configuration list for PBXNativeTarget "Lotus" */ = {
			isa = XCConfigurationList;
			buildConfigurations = (
				50361AF4203368850089A8D6 /* Debug */,
				50361AF5203368850089A8D6 /* Release */,
			);
			defaultConfigurationIsVisible = 0;
			defaultConfigurationName = Release;
		};
/* End XCConfigurationList section */

/* Begin XCVersionGroup section */
		50361AE8203368850089A8D6 /* Lotus.xcdatamodeld */ = {
			isa = XCVersionGroup;
			children = (
				50361AE9203368850089A8D6 /* Lotus.xcdatamodel */,
			);
			currentVersion = 50361AE9203368850089A8D6 /* Lotus.xcdatamodel */;
			path = Lotus.xcdatamodeld;
			sourceTree = "<group>";
			versionGroupType = wrapper.xcdatamodel;
		};
/* End XCVersionGroup section */
	};
	rootObject = 50361AD6203368850089A8D6 /* Project object */;
}
